
Microsoft Visual Studio Solution File, Format Version 12.00
# Visual Studio Version 17
VisualStudioVersion = 17.14.36203.30 d17.14
MinimumVisualStudioVersion = 10.0.40219.1
Project("{FAE04EC0-301F-11D3-BF4B-00C04F79EFBC}") = "Zadanie", "Zadanie\Zadanie.csproj", "{176412DE-0746-4643-912C-06EDB1E18B79}"
EndProject
Global
	GlobalSection(SolutionConfigurationPlatforms) = preSolution
		Debug|Any CPU = Debug|Any CPU
		Release|Any CPU = Release|Any CPU
	EndGlobalSection
	GlobalSection(ProjectConfigurationPlatforms) = postSolution
		{176412DE-0746-4643-912C-06EDB1E18B79}.Debug|Any CPU.ActiveCfg = Debug|Any CPU
		{176412DE-0746-4643-912C-06EDB1E18B79}.Debug|Any CPU.Build.0 = Debug|Any CPU
		{176412DE-0746-4643-912C-06EDB1E18B79}.Release|Any CPU.ActiveCfg = Release|Any CPU
		{176412DE-0746-4643-912C-06EDB1E18B79}.Release|Any CPU.Build.0 = Release|Any CPU
	EndGlobalSection
	GlobalSection(SolutionProperties) = preSolution
		HideSolutionNode = FALSE
	EndGlobalSection
	GlobalSection(ExtensibilityGlobals) = postSolution
		SolutionGuid = {807E8824-7312-4A53-9109-2588022FD0C0}
	EndGlobalSection
EndGlobal
